{
  "version": 4,
  "terraform_version": "1.3.4",
  "serial": 28,
  "lineage": "ebc01fd6-2a42-5cb2-4f01-c5f89864b4bf",
  "outputs": {
    "password": {
      "value": "Wa3^n6\u0026:M!x:nd-rC%W+al(\u003e",
      "type": "string",
      "sensitive": true
    },
    "user": {
      "value": "kienletv",
      "type": "string"
    }
  },
  "resources": [
    {
      "mode": "managed",
      "type": "mysql_database",
      "name": "user_db",
      "provider": "provider[\"registry.terraform.io/petoju/mysql\"].local",
      "instances": [
        {
          "schema_version": 0,
          "attributes": {
            "default_character_set": "utf8mb4",
            "default_collation": "utf8mb4_general_ci",
            "id": "foobar",
            "name": "foobar"
          },
          "sensitive_attributes": [],
          "private": "bnVsbA=="
        }
      ]
    },
    {
      "mode": "managed",
      "type": "mysql_grant",
      "name": "user_id",
      "provider": "provider[\"registry.terraform.io/petoju/mysql\"].local",
      "instances": [
        {
          "schema_version": 0,
          "attributes": {
            "database": "foobar",
            "grant": false,
            "host": "%",
            "id": "kienletv@%:`foobar`",
            "privileges": [
              "SELECT",
              "UPDATE"
            ],
            "role": null,
            "roles": null,
            "table": "*",
            "tls_option": "NONE",
            "user": "kienletv"
          },
          "sensitive_attributes": [],
          "private": "bnVsbA==",
          "dependencies": [
            "mysql_user.user_id",
            "random_password.user_password"
          ]
        }
      ]
    },
    {
      "mode": "managed",
      "type": "mysql_user",
      "name": "user_id",
      "provider": "provider[\"registry.terraform.io/petoju/mysql\"].local",
      "instances": [
        {
          "schema_version": 0,
          "attributes": {
            "aad_identity": [],
            "auth_plugin": null,
            "auth_string_hashed": null,
            "host": "%",
            "id": "kienletv@%",
            "password": null,
            "plaintext_password": "516a64c824d700ca83368092857ccca150f0d1839575fde5ef094c4bcb99e16f",
            "tls_option": "NONE",
            "user": "kienletv"
          },
          "sensitive_attributes": [
            [
              {
                "type": "get_attr",
                "value": "plaintext_password"
              }
            ]
          ],
          "private": "bnVsbA==",
          "dependencies": [
            "random_password.user_password"
          ]
        }
      ]
    },
    {
      "mode": "managed",
      "type": "random_password",
      "name": "user_password",
      "provider": "provider[\"registry.terraform.io/hashicorp/random\"]",
      "instances": [
        {
          "schema_version": 3,
          "attributes": {
            "bcrypt_hash": "$2a$10$LwVq0b1TcXBma9fWq9leM.I6QuIPQnNU9MxaaHxtw1zrq0F4Xl.8K",
            "id": "none",
            "keepers": {
              "password_version": "0"
            },
            "length": 24,
            "lower": true,
            "min_lower": 0,
            "min_numeric": 0,
            "min_special": 2,
            "min_upper": 0,
            "number": true,
            "numeric": true,
            "override_special": "!#$%^\u0026*()-_=+[]{}\u003c\u003e:?",
            "result": "Wa3^n6\u0026:M!x:nd-rC%W+al(\u003e",
            "special": true,
            "upper": true
          },
          "sensitive_attributes": []
        }
      ]
    }
  ],
  "check_results": null
}
